
Microsoft Visual Studio Solution File, Format Version 12.00
# Visual Studio Version 17
VisualStudioVersion = 17.11.35219.272
MinimumVisualStudioVersion = 10.0.40219.1
Project("{9A19103F-16F7-4668-BE54-9A1E7A4F7556}") = "DataAccess", "DataAccess\DataAccess.csproj", "{70840ADB-CCCC-4BB7-857D-3B7A9916124D}"
EndProject
Project("{9A19103F-16F7-4668-BE54-9A1E7A4F7556}") = "Business", "Business\Business.csproj", "{8C5B28D0-F0B9-4086-8160-5E83A625CBF6}"
EndProject
Project("{9A19103F-16F7-4668-BE54-9A1E7A4F7556}") = "Entity", "Entity\Entity.csproj", "{A21D4F2B-474D-48C7-AE93-748659D2F56A}"
EndProject
Project("{9A19103F-16F7-4668-BE54-9A1E7A4F7556}") = "ConsoleUI", "ConsoleUI\ConsoleUI.csproj", "{7E25A571-F27F-4A45-88BC-A07ED6755158}"
EndProject
Project("{9A19103F-16F7-4668-BE54-9A1E7A4F7556}") = "Core", "Core\Core.csproj", "{605E38BC-7009-42CA-A6CB-FDEBA177BECB}"
EndProject
Project("{FAE04EC0-301F-11D3-BF4B-00C04F79EFBC}") = "WebAPI", "WebAPI\WebAPI.csproj", "{C23E526F-E22F-4661-82BB-30A65D594B47}"
EndProject
Global
	GlobalSection(SolutionConfigurationPlatforms) = preSolution
		Debug|Any CPU = Debug|Any CPU
		Release|Any CPU = Release|Any CPU
	EndGlobalSection
	GlobalSection(ProjectConfigurationPlatforms) = postSolution
		{70840ADB-CCCC-4BB7-857D-3B7A9916124D}.Debug|Any CPU.ActiveCfg = Debug|Any CPU
		{70840ADB-CCCC-4BB7-857D-3B7A9916124D}.Debug|Any CPU.Build.0 = Debug|Any CPU
		{70840ADB-CCCC-4BB7-857D-3B7A9916124D}.Release|Any CPU.ActiveCfg = Release|Any CPU
		{70840ADB-CCCC-4BB7-857D-3B7A9916124D}.Release|Any CPU.Build.0 = Release|Any CPU
		{8C5B28D0-F0B9-4086-8160-5E83A625CBF6}.Debug|Any CPU.ActiveCfg = Debug|Any CPU
		{8C5B28D0-F0B9-4086-8160-5E83A625CBF6}.Debug|Any CPU.Build.0 = Debug|Any CPU
		{8C5B28D0-F0B9-4086-8160-5E83A625CBF6}.Release|Any CPU.ActiveCfg = Release|Any CPU
		{8C5B28D0-F0B9-4086-8160-5E83A625CBF6}.Release|Any CPU.Build.0 = Release|Any CPU
		{A21D4F2B-474D-48C7-AE93-748659D2F56A}.Debug|Any CPU.ActiveCfg = Debug|Any CPU
		{A21D4F2B-474D-48C7-AE93-748659D2F56A}.Debug|Any CPU.Build.0 = Debug|Any CPU
		{A21D4F2B-474D-48C7-AE93-748659D2F56A}.Release|Any CPU.ActiveCfg = Release|Any CPU
		{A21D4F2B-474D-48C7-AE93-748659D2F56A}.Release|Any CPU.Build.0 = Release|Any CPU
		{7E25A571-F27F-4A45-88BC-A07ED6755158}.Debug|Any CPU.ActiveCfg = Debug|Any CPU
		{7E25A571-F27F-4A45-88BC-A07ED6755158}.Debug|Any CPU.Build.0 = Debug|Any CPU
		{7E25A571-F27F-4A45-88BC-A07ED6755158}.Release|Any CPU.ActiveCfg = Release|Any CPU
		{7E25A571-F27F-4A45-88BC-A07ED6755158}.Release|Any CPU.Build.0 = Release|Any CPU
		{605E38BC-7009-42CA-A6CB-FDEBA177BECB}.Debug|Any CPU.ActiveCfg = Debug|Any CPU
		{605E38BC-7009-42CA-A6CB-FDEBA177BECB}.Debug|Any CPU.Build.0 = Debug|Any CPU
		{605E38BC-7009-42CA-A6CB-FDEBA177BECB}.Release|Any CPU.ActiveCfg = Release|Any CPU
		{605E38BC-7009-42CA-A6CB-FDEBA177BECB}.Release|Any CPU.Build.0 = Release|Any CPU
		{C23E526F-E22F-4661-82BB-30A65D594B47}.Debug|Any CPU.ActiveCfg = Debug|Any CPU
		{C23E526F-E22F-4661-82BB-30A65D594B47}.Debug|Any CPU.Build.0 = Debug|Any CPU
		{C23E526F-E22F-4661-82BB-30A65D594B47}.Release|Any CPU.ActiveCfg = Release|Any CPU
		{C23E526F-E22F-4661-82BB-30A65D594B47}.Release|Any CPU.Build.0 = Release|Any CPU
	EndGlobalSection
	GlobalSection(SolutionProperties) = preSolution
		HideSolutionNode = FALSE
	EndGlobalSection
	GlobalSection(ExtensibilityGlobals) = postSolution
		SolutionGuid = {D52DCCC2-87E6-4396-9359-B7CB9F925291}
	EndGlobalSection
EndGlobal
