
Microsoft Visual Studio Solution File, Format Version 12.00
# Visual Studio Version 17
VisualStudioVersion = 17.11.35219.272
MinimumVisualStudioVersion = 10.0.40219.1
Project("{FAE04EC0-301F-11D3-BF4B-00C04F79EFBC}") = "Mathematics", "Mathematics.csproj", "{4D5B7CB5-6FD2-4BE5-93F4-E12FB0BD87FB}"
EndProject
Global
	GlobalSection(SolutionConfigurationPlatforms) = preSolution
		Debug|Any CPU = Debug|Any CPU
		Release|Any CPU = Release|Any CPU
	EndGlobalSection
	GlobalSection(ProjectConfigurationPlatforms) = postSolution
		{4D5B7CB5-6FD2-4BE5-93F4-E12FB0BD87FB}.Debug|Any CPU.ActiveCfg = Debug|Any CPU
		{4D5B7CB5-6FD2-4BE5-93F4-E12FB0BD87FB}.Debug|Any CPU.Build.0 = Debug|Any CPU
		{4D5B7CB5-6FD2-4BE5-93F4-E12FB0BD87FB}.Release|Any CPU.ActiveCfg = Release|Any CPU
		{4D5B7CB5-6FD2-4BE5-93F4-E12FB0BD87FB}.Release|Any CPU.Build.0 = Release|Any CPU
	EndGlobalSection
	GlobalSection(SolutionProperties) = preSolution
		HideSolutionNode = FALSE
	EndGlobalSection
	GlobalSection(ExtensibilityGlobals) = postSolution
		SolutionGuid = {4AC8AA6A-2C09-4708-B9FC-435A3A2449CC}
	EndGlobalSection
EndGlobal
